
Microsoft Visual Studio Solution File, Format Version 12.00
# Visual Studio Version 16
VisualStudioVersion = 16.0.31025.194
MinimumVisualStudioVersion = 10.0.40219.1
Project("{FAE04EC0-301F-11D3-BF4B-00C04F79EFBC}") = "DxLatam_ValidaChkPoint", "DxLatam_ValidaChkPoint.csproj", "{0CAA6953-B717-4CEF-99BC-0DE87BCE5612}"
EndProject
Global
	GlobalSection(SolutionConfigurationPlatforms) = preSolution
		Debug|Any CPU = Debug|Any CPU
		Release|Any CPU = Release|Any CPU
	EndGlobalSection
	GlobalSection(ProjectConfigurationPlatforms) = postSolution
		{0CAA6953-B717-4CEF-99BC-0DE87BCE5612}.Debug|Any CPU.ActiveCfg = Debug|Any CPU
		{0CAA6953-B717-4CEF-99BC-0DE87BCE5612}.Debug|Any CPU.Build.0 = Debug|Any CPU
		{0CAA6953-B717-4CEF-99BC-0DE87BCE5612}.Release|Any CPU.ActiveCfg = Release|Any CPU
		{0CAA6953-B717-4CEF-99BC-0DE87BCE5612}.Release|Any CPU.Build.0 = Release|Any CPU
	EndGlobalSection
	GlobalSection(SolutionProperties) = preSolution
		HideSolutionNode = FALSE
	EndGlobalSection
	GlobalSection(ExtensibilityGlobals) = postSolution
		SolutionGuid = {E9EC96A8-CEFB-4C2F-B8BB-736E625E7053}
	EndGlobalSection
EndGlobal
